// !$*UTF8*$!
{
	archiveVersion = 1;
	classes = {
	};
	objectVersion = 46;
	objects = {

/* Begin PBXBuildFile section */
		181AD1E12135259500A65F90 /* QKCardAnimationController.m in Sources */ = {isa = PBXBuildFile; fileRef = 181AD1E02135259500A65F90 /* QKCardAnimationController.m */; };
		181AD1F12135374700A65F90 /* QKCardAnimationNextController.m in Sources */ = {isa = PBXBuildFile; fileRef = 181AD1F02135374700A65F90 /* QKCardAnimationNextController.m */; };
		181AD1F421353F4600A65F90 /* QKCardAnimator.m in Sources */ = {isa = PBXBuildFile; fileRef = 181AD1F321353F4600A65F90 /* QKCardAnimator.m */; };
		181AD1FF21354FFC00A65F90 /* QKAlertAnimationController.m in Sources */ = {isa = PBXBuildFile; fileRef = 181AD1FE21354FFC00A65F90 /* QKAlertAnimationController.m */; };
		181AD205213551CA00A65F90 /* QKAlertAnimationShowController.m in Sources */ = {isa = PBXBuildFile; fileRef = 181AD204213551CA00A65F90 /* QKAlertAnimationShowController.m */; };
		510631BDF16C0FCBE26DFF1A /* Pods_QuickTransition_Tests.framework in Frameworks */ = {isa = PBXBuildFile; fileRef = 39A2F2A0D4C01550E92F10CE /* Pods_QuickTransition_Tests.framework */; };
		6003F58E195388D20070C39A /* Foundation.framework in Frameworks */ = {isa = PBXBuildFile; fileRef = 6003F58D195388D20070C39A /* Foundation.framework */; };
		6003F590195388D20070C39A /* CoreGraphics.framework in Frameworks */ = {isa = PBXBuildFile; fileRef = 6003F58F195388D20070C39A /* CoreGraphics.framework */; };
		6003F592195388D20070C39A /* UIKit.framework in Frameworks */ = {isa = PBXBuildFile; fileRef = 6003F591195388D20070C39A /* UIKit.framework */; };
		6003F598195388D20070C39A /* InfoPlist.strings in Resources */ = {isa = PBXBuildFile; fileRef = 6003F596195388D20070C39A /* InfoPlist.strings */; };
		6003F59A195388D20070C39A /* main.m in Sources */ = {isa = PBXBuildFile; fileRef = 6003F599195388D20070C39A /* main.m */; };
		6003F59E195388D20070C39A /* QKAppDelegate.m in Sources */ = {isa = PBXBuildFile; fileRef = 6003F59D195388D20070C39A /* QKAppDelegate.m */; };
		6003F5A7195388D20070C39A /* QKViewController.m in Sources */ = {isa = PBXBuildFile; fileRef = 6003F5A6195388D20070C39A /* QKViewController.m */; };
		6003F5A9195388D20070C39A /* Images.xcassets in Resources */ = {isa = PBXBuildFile; fileRef = 6003F5A8195388D20070C39A /* Images.xcassets */; };
		6003F5B0195388D20070C39A /* XCTest.framework in Frameworks */ = {isa = PBXBuildFile; fileRef = 6003F5AF195388D20070C39A /* XCTest.framework */; };
		6003F5B1195388D20070C39A /* Foundation.framework in Frameworks */ = {isa = PBXBuildFile; fileRef = 6003F58D195388D20070C39A /* Foundation.framework */; };
		6003F5B2195388D20070C39A /* UIKit.framework in Frameworks */ = {isa = PBXBuildFile; fileRef = 6003F591195388D20070C39A /* UIKit.framework */; };
		6003F5BA195388D20070C39A /* InfoPlist.strings in Resources */ = {isa = PBXBuildFile; fileRef = 6003F5B8195388D20070C39A /* InfoPlist.strings */; };
		6003F5BC195388D20070C39A /* Tests.m in Sources */ = {isa = PBXBuildFile; fileRef = 6003F5BB195388D20070C39A /* Tests.m */; };
		71719F9F1E33DC2100824A3D /* LaunchScreen.storyboard in Resources */ = {isa = PBXBuildFile; fileRef = 71719F9D1E33DC2100824A3D /* LaunchScreen.storyboard */; };
		7252DEDEB2047BF30035F67A /* Pods_QuickTransition_Example.framework in Frameworks */ = {isa = PBXBuildFile; fileRef = 874F4345E91F551707C529AA /* Pods_QuickTransition_Example.framework */; };
		730A9E7B23CEEFCF00CF0F36 /* QKSideViewController.m in Sources */ = {isa = PBXBuildFile; fileRef = 730A9E7A23CEEFCF00CF0F36 /* QKSideViewController.m */; };
		730A9E7E23CEFD3400CF0F36 /* QKAutoLayoutAlertController.m in Sources */ = {isa = PBXBuildFile; fileRef = 730A9E7D23CEFD3400CF0F36 /* QKAutoLayoutAlertController.m */; };
		739FF6FD23CC543B00A25E40 /* QKBaseTableController.m in Sources */ = {isa = PBXBuildFile; fileRef = 739FF6FC23CC543B00A25E40 /* QKBaseTableController.m */; };
		873B8AEB1B1F5CCA007FD442 /* Main.storyboard in Resources */ = {isa = PBXBuildFile; fileRef = 873B8AEA1B1F5CCA007FD442 /* Main.storyboard */; };
/* End PBXBuildFile section */

/* Begin PBXContainerItemProxy section */
		6003F5B3195388D20070C39A /* PBXContainerItemProxy */ = {
			isa = PBXContainerItemProxy;
			containerPortal = 6003F582195388D10070C39A /* Project object */;
			proxyType = 1;
			remoteGlobalIDString = 6003F589195388D20070C39A;
			remoteInfo = QuickTransition;
		};
/* End PBXContainerItemProxy section */

/* Begin PBXFileReference section */
		181AD1DF2135259500A65F90 /* QKCardAnimationController.h */ = {isa = PBXFileReference; lastKnownFileType = sourcecode.c.h; path = QKCardAnimationController.h; sourceTree = "<group>"; };
		181AD1E02135259500A65F90 /* QKCardAnimationController.m */ = {isa = PBXFileReference; lastKnownFileType = sourcecode.c.objc; path = QKCardAnimationController.m; sourceTree = "<group>"; };
		181AD1EF2135374700A65F90 /* QKCardAnimationNextController.h */ = {isa = PBXFileReference; lastKnownFileType = sourcecode.c.h; path = QKCardAnimationNextController.h; sourceTree = "<group>"; };
		181AD1F02135374700A65F90 /* QKCardAnimationNextController.m */ = {isa = PBXFileReference; lastKnownFileType = sourcecode.c.objc; path = QKCardAnimationNextController.m; sourceTree = "<group>"; };
		181AD1F221353F4600A65F90 /* QKCardAnimator.h */ = {isa = PBXFileReference; lastKnownFileType = sourcecode.c.h; path = QKCardAnimator.h; sourceTree = "<group>"; };
		181AD1F321353F4600A65F90 /* QKCardAnimator.m */ = {isa = PBXFileReference; lastKnownFileType = sourcecode.c.objc; path = QKCardAnimator.m; sourceTree = "<group>"; };
		181AD1FD21354FFC00A65F90 /* QKAlertAnimationController.h */ = {isa = PBXFileReference; lastKnownFileType = sourcecode.c.h; path = QKAlertAnimationController.h; sourceTree = "<group>"; };
		181AD1FE21354FFC00A65F90 /* QKAlertAnimationController.m */ = {isa = PBXFileReference; lastKnownFileType = sourcecode.c.objc; path = QKAlertAnimationController.m; sourceTree = "<group>"; };
		181AD203213551CA00A65F90 /* QKAlertAnimationShowController.h */ = {isa = PBXFileReference; lastKnownFileType = sourcecode.c.h; path = QKAlertAnimationShowController.h; sourceTree = "<group>"; };
		181AD204213551CA00A65F90 /* QKAlertAnimationShowController.m */ = {isa = PBXFileReference; lastKnownFileType = sourcecode.c.objc; path = QKAlertAnimationShowController.m; sourceTree = "<group>"; };
		2CD6B09C5F8F367E142EE032 /* README.md */ = {isa = PBXFileReference; includeInIndex = 1; lastKnownFileType = net.daringfireball.markdown; name = README.md; path = ../README.md; sourceTree = "<group>"; };
		30B37C817022B13808AE5350 /* QuickTransition.podspec */ = {isa = PBXFileReference; includeInIndex = 1; lastKnownFileType = text; name = QuickTransition.podspec; path = ../QuickTransition.podspec; sourceTree = "<group>"; xcLanguageSpecificationIdentifier = xcode.lang.ruby; };
		360186E00AFBBD88B67C3DC1 /* Pods-QuickTransition_Tests.debug.xcconfig */ = {isa = PBXFileReference; includeInIndex = 1; lastKnownFileType = text.xcconfig; name = "Pods-QuickTransition_Tests.debug.xcconfig"; path = "Pods/Target Support Files/Pods-QuickTransition_Tests/Pods-QuickTransition_Tests.debug.xcconfig"; sourceTree = "<group>"; };
		39A2F2A0D4C01550E92F10CE /* Pods_QuickTransition_Tests.framework */ = {isa = PBXFileReference; explicitFileType = wrapper.framework; includeInIndex = 0; path = Pods_QuickTransition_Tests.framework; sourceTree = BUILT_PRODUCTS_DIR; };
		6003F58A195388D20070C39A /* QuickTransition_Example.app */ = {isa = PBXFileReference; explicitFileType = wrapper.application; includeInIndex = 0; path = QuickTransition_Example.app; sourceTree = BUILT_PRODUCTS_DIR; };
		6003F58D195388D20070C39A /* Foundation.framework */ = {isa = PBXFileReference; lastKnownFileType = wrapper.framework; name = Foundation.framework; path = System/Library/Frameworks/Foundation.framework; sourceTree = SDKROOT; };
		6003F58F195388D20070C39A /* CoreGraphics.framework */ = {isa = PBXFileReference; lastKnownFileType = wrapper.framework; name = CoreGraphics.framework; path = System/Library/Frameworks/CoreGraphics.framework; sourceTree = SDKROOT; };
		6003F591195388D20070C39A /* UIKit.framework */ = {isa = PBXFileReference; lastKnownFileType = wrapper.framework; name = UIKit.framework; path = System/Library/Frameworks/UIKit.framework; sourceTree = SDKROOT; };
		6003F595195388D20070C39A /* QuickTransition-Info.plist */ = {isa = PBXFileReference; lastKnownFileType = text.plist.xml; path = "QuickTransition-Info.plist"; sourceTree = "<group>"; };
		6003F597195388D20070C39A /* en */ = {isa = PBXFileReference; lastKnownFileType = text.plist.strings; name = en; path = en.lproj/InfoPlist.strings; sourceTree = "<group>"; };
		6003F599195388D20070C39A /* main.m */ = {isa = PBXFileReference; lastKnownFileType = sourcecode.c.objc; path = main.m; sourceTree = "<group>"; };
		6003F59B195388D20070C39A /* QuickTransition-Prefix.pch */ = {isa = PBXFileReference; lastKnownFileType = sourcecode.c.h; path = "QuickTransition-Prefix.pch"; sourceTree = "<group>"; };
		6003F59C195388D20070C39A /* QKAppDelegate.h */ = {isa = PBXFileReference; lastKnownFileType = sourcecode.c.h; path = QKAppDelegate.h; sourceTree = "<group>"; };
		6003F59D195388D20070C39A /* QKAppDelegate.m */ = {isa = PBXFileReference; lastKnownFileType = sourcecode.c.objc; path = QKAppDelegate.m; sourceTree = "<group>"; };
		6003F5A5195388D20070C39A /* QKViewController.h */ = {isa = PBXFileReference; lastKnownFileType = sourcecode.c.h; path = QKViewController.h; sourceTree = "<group>"; };
		6003F5A6195388D20070C39A /* QKViewController.m */ = {isa = PBXFileReference; lastKnownFileType = sourcecode.c.objc; path = QKViewController.m; sourceTree = "<group>"; };
		6003F5A8195388D20070C39A /* Images.xcassets */ = {isa = PBXFileReference; lastKnownFileType = folder.assetcatalog; path = Images.xcassets; sourceTree = "<group>"; };
		6003F5AE195388D20070C39A /* QuickTransition_Tests.xctest */ = {isa = PBXFileReference; explicitFileType = wrapper.cfbundle; includeInIndex = 0; path = QuickTransition_Tests.xctest; sourceTree = BUILT_PRODUCTS_DIR; };
		6003F5AF195388D20070C39A /* XCTest.framework */ = {isa = PBXFileReference; lastKnownFileType = wrapper.framework; name = XCTest.framework; path = Library/Frameworks/XCTest.framework; sourceTree = DEVELOPER_DIR; };
		6003F5B7195388D20070C39A /* Tests-Info.plist */ = {isa = PBXFileReference; lastKnownFileType = text.plist.xml; path = "Tests-Info.plist"; sourceTree = "<group>"; };
		6003F5B9195388D20070C39A /* en */ = {isa = PBXFileReference; lastKnownFileType = text.plist.strings; name = en; path = en.lproj/InfoPlist.strings; sourceTree = "<group>"; };
		6003F5BB195388D20070C39A /* Tests.m */ = {isa = PBXFileReference; lastKnownFileType = sourcecode.c.objc; path = Tests.m; sourceTree = "<group>"; };
		606FC2411953D9B200FFA9A0 /* Tests-Prefix.pch */ = {isa = PBXFileReference; lastKnownFileType = sourcecode.c.h; path = "Tests-Prefix.pch"; sourceTree = "<group>"; };
		71719F9E1E33DC2100824A3D /* Base */ = {isa = PBXFileReference; lastKnownFileType = file.storyboard; name = Base; path = Base.lproj/LaunchScreen.storyboard; sourceTree = "<group>"; };
		730A9E7923CEEFCF00CF0F36 /* QKSideViewController.h */ = {isa = PBXFileReference; lastKnownFileType = sourcecode.c.h; path = QKSideViewController.h; sourceTree = "<group>"; };
		730A9E7A23CEEFCF00CF0F36 /* QKSideViewController.m */ = {isa = PBXFileReference; lastKnownFileType = sourcecode.c.objc; path = QKSideViewController.m; sourceTree = "<group>"; };
		730A9E7C23CEFD3400CF0F36 /* QKAutoLayoutAlertController.h */ = {isa = PBXFileReference; lastKnownFileType = sourcecode.c.h; path = QKAutoLayoutAlertController.h; sourceTree = "<group>"; };
		730A9E7D23CEFD3400CF0F36 /* QKAutoLayoutAlertController.m */ = {isa = PBXFileReference; lastKnownFileType = sourcecode.c.objc; path = QKAutoLayoutAlertController.m; sourceTree = "<group>"; };
		739FF6FB23CC543B00A25E40 /* QKBaseTableController.h */ = {isa = PBXFileReference; lastKnownFileType = sourcecode.c.h; path = QKBaseTableController.h; sourceTree = "<group>"; };
		739FF6FC23CC543B00A25E40 /* QKBaseTableController.m */ = {isa = PBXFileReference; lastKnownFileType = sourcecode.c.objc; path = QKBaseTableController.m; sourceTree = "<group>"; };
		744C21CFFEBB50064095385B /* LICENSE */ = {isa = PBXFileReference; includeInIndex = 1; lastKnownFileType = text; name = LICENSE; path = ../LICENSE; sourceTree = "<group>"; };
		873B8AEA1B1F5CCA007FD442 /* Main.storyboard */ = {isa = PBXFileReference; fileEncoding = 4; lastKnownFileType = file.storyboard; name = Main.storyboard; path = Base.lproj/Main.storyboard; sourceTree = "<group>"; };
		874F4345E91F551707C529AA /* Pods_QuickTransition_Example.framework */ = {isa = PBXFileReference; explicitFileType = wrapper.framework; includeInIndex = 0; path = Pods_QuickTransition_Example.framework; sourceTree = BUILT_PRODUCTS_DIR; };
		88D05804ECA22DD7BB4D114D /* Pods-QuickTransition_Example.release.xcconfig */ = {isa = PBXFileReference; includeInIndex = 1; lastKnownFileType = text.xcconfig; name = "Pods-QuickTransition_Example.release.xcconfig"; path = "Pods/Target Support Files/Pods-QuickTransition_Example/Pods-QuickTransition_Example.release.xcconfig"; sourceTree = "<group>"; };
		9291070909AEB17F52BD971D /* Pods-QuickTransition_Tests.release.xcconfig */ = {isa = PBXFileReference; includeInIndex = 1; lastKnownFileType = text.xcconfig; name = "Pods-QuickTransition_Tests.release.xcconfig"; path = "Pods/Target Support Files/Pods-QuickTransition_Tests/Pods-QuickTransition_Tests.release.xcconfig"; sourceTree = "<group>"; };
		CFB489652DA075C9082A2104 /* Pods-QuickTransition_Example.debug.xcconfig */ = {isa = PBXFileReference; includeInIndex = 1; lastKnownFileType = text.xcconfig; name = "Pods-QuickTransition_Example.debug.xcconfig"; path = "Pods/Target Support Files/Pods-QuickTransition_Example/Pods-QuickTransition_Example.debug.xcconfig"; sourceTree = "<group>"; };
/* End PBXFileReference section */

/* Begin PBXFrameworksBuildPhase section */
		6003F587195388D20070C39A /* Frameworks */ = {
			isa = PBXFrameworksBuildPhase;
			buildActionMask = 2147483647;
			files = (
				6003F590195388D20070C39A /* CoreGraphics.framework in Frameworks */,
				6003F592195388D20070C39A /* UIKit.framework in Frameworks */,
				6003F58E195388D20070C39A /* Foundation.framework in Frameworks */,
				7252DEDEB2047BF30035F67A /* Pods_QuickTransition_Example.framework in Frameworks */,
			);
			runOnlyForDeploymentPostprocessing = 0;
		};
		6003F5AB195388D20070C39A /* Frameworks */ = {
			isa = PBXFrameworksBuildPhase;
			buildActionMask = 2147483647;
			files = (
				6003F5B0195388D20070C39A /* XCTest.framework in Frameworks */,
				6003F5B2195388D20070C39A /* UIKit.framework in Frameworks */,
				6003F5B1195388D20070C39A /* Foundation.framework in Frameworks */,
				510631BDF16C0FCBE26DFF1A /* Pods_QuickTransition_Tests.framework in Frameworks */,
			);
			runOnlyForDeploymentPostprocessing = 0;
		};
/* End PBXFrameworksBuildPhase section */

/* Begin PBXGroup section */
		181AD1DE2135257100A65F90 /* CardAnimation */ = {
			isa = PBXGroup;
			children = (
				181AD1DF2135259500A65F90 /* QKCardAnimationController.h */,
				181AD1E02135259500A65F90 /* QKCardAnimationController.m */,
				181AD1EF2135374700A65F90 /* QKCardAnimationNextController.h */,
				181AD1F02135374700A65F90 /* QKCardAnimationNextController.m */,
				181AD1F221353F4600A65F90 /* QKCardAnimator.h */,
				181AD1F321353F4600A65F90 /* QKCardAnimator.m */,
			);
			path = CardAnimation;
			sourceTree = "<group>";
		};
		181AD1FB21354F8500A65F90 /* AlertAnimation */ = {
			isa = PBXGroup;
			children = (
				181AD1FD21354FFC00A65F90 /* QKAlertAnimationController.h */,
				181AD1FE21354FFC00A65F90 /* QKAlertAnimationController.m */,
				181AD203213551CA00A65F90 /* QKAlertAnimationShowController.h */,
				181AD204213551CA00A65F90 /* QKAlertAnimationShowController.m */,
				730A9E7923CEEFCF00CF0F36 /* QKSideViewController.h */,
				730A9E7A23CEEFCF00CF0F36 /* QKSideViewController.m */,
				730A9E7C23CEFD3400CF0F36 /* QKAutoLayoutAlertController.h */,
				730A9E7D23CEFD3400CF0F36 /* QKAutoLayoutAlertController.m */,
			);
			path = AlertAnimation;
			sourceTree = "<group>";
		};
		181AD1FC21354FC100A65F90 /* PullAnimation */ = {
			isa = PBXGroup;
			children = (
			);
			path = PullAnimation;
			sourceTree = "<group>";
		};
		6003F581195388D10070C39A = {
			isa = PBXGroup;
			children = (
				60FF7A9C1954A5C5007DD14C /* Podspec Metadata */,
				6003F593195388D20070C39A /* Example for QuickTransition */,
				6003F5B5195388D20070C39A /* Tests */,
				6003F58C195388D20070C39A /* Frameworks */,
				6003F58B195388D20070C39A /* Products */,
				94F93CC4DF3954C70916C8B1 /* Pods */,
			);
			sourceTree = "<group>";
		};
		6003F58B195388D20070C39A /* Products */ = {
			isa = PBXGroup;
			children = (
				6003F58A195388D20070C39A /* QuickTransition_Example.app */,
				6003F5AE195388D20070C39A /* QuickTransition_Tests.xctest */,
			);
			name = Products;
			sourceTree = "<group>";
		};
		6003F58C195388D20070C39A /* Frameworks */ = {
			isa = PBXGroup;
			children = (
				6003F58D195388D20070C39A /* Foundation.framework */,
				6003F58F195388D20070C39A /* CoreGraphics.framework */,
				6003F591195388D20070C39A /* UIKit.framework */,
				6003F5AF195388D20070C39A /* XCTest.framework */,
				874F4345E91F551707C529AA /* Pods_QuickTransition_Example.framework */,
				39A2F2A0D4C01550E92F10CE /* Pods_QuickTransition_Tests.framework */,
			);
			name = Frameworks;
			sourceTree = "<group>";
		};
		6003F593195388D20070C39A /* Example for QuickTransition */ = {
			isa = PBXGroup;
			children = (
				181AD1FC21354FC100A65F90 /* PullAnimation */,
				181AD1FB21354F8500A65F90 /* AlertAnimation */,
				181AD1DE2135257100A65F90 /* CardAnimation */,
				6003F59C195388D20070C39A /* QKAppDelegate.h */,
				6003F59D195388D20070C39A /* QKAppDelegate.m */,
				6003F5A5195388D20070C39A /* QKViewController.h */,
				6003F5A6195388D20070C39A /* QKViewController.m */,
				739FF6FB23CC543B00A25E40 /* QKBaseTableController.h */,
				739FF6FC23CC543B00A25E40 /* QKBaseTableController.m */,
				873B8AEA1B1F5CCA007FD442 /* Main.storyboard */,
				71719F9D1E33DC2100824A3D /* LaunchScreen.storyboard */,
				6003F5A8195388D20070C39A /* Images.xcassets */,
				6003F594195388D20070C39A /* Supporting Files */,
			);
			name = "Example for QuickTransition";
			path = QuickTransition;
			sourceTree = "<group>";
		};
		6003F594195388D20070C39A /* Supporting Files */ = {
			isa = PBXGroup;
			children = (
				6003F595195388D20070C39A /* QuickTransition-Info.plist */,
				6003F596195388D20070C39A /* InfoPlist.strings */,
				6003F599195388D20070C39A /* main.m */,
				6003F59B195388D20070C39A /* QuickTransition-Prefix.pch */,
			);
			name = "Supporting Files";
			sourceTree = "<group>";
		};
		6003F5B5195388D20070C39A /* Tests */ = {
			isa = PBXGroup;
			children = (
				6003F5BB195388D20070C39A /* Tests.m */,
				6003F5B6195388D20070C39A /* Supporting Files */,
			);
			path = Tests;
			sourceTree = "<group>";
		};
		6003F5B6195388D20070C39A /* Supporting Files */ = {
			isa = PBXGroup;
			children = (
				6003F5B7195388D20070C39A /* Tests-Info.plist */,
				6003F5B8195388D20070C39A /* InfoPlist.strings */,
				606FC2411953D9B200FFA9A0 /* Tests-Prefix.pch */,
			);
			name = "Supporting Files";
			sourceTree = "<group>";
		};
		60FF7A9C1954A5C5007DD14C /* Podspec Metadata */ = {
			isa = PBXGroup;
			children = (
				30B37C817022B13808AE5350 /* QuickTransition.podspec */,
				2CD6B09C5F8F367E142EE032 /* README.md */,
				744C21CFFEBB50064095385B /* LICENSE */,
			);
			name = "Podspec Metadata";
			sourceTree = "<group>";
		};
		94F93CC4DF3954C70916C8B1 /* Pods */ = {
			isa = PBXGroup;
			children = (
				CFB489652DA075C9082A2104 /* Pods-QuickTransition_Example.debug.xcconfig */,
				88D05804ECA22DD7BB4D114D /* Pods-QuickTransition_Example.release.xcconfig */,
				360186E00AFBBD88B67C3DC1 /* Pods-QuickTransition_Tests.debug.xcconfig */,
				9291070909AEB17F52BD971D /* Pods-QuickTransition_Tests.release.xcconfig */,
			);
			name = Pods;
			sourceTree = "<group>";
		};
/* End PBXGroup section */

/* Begin PBXNativeTarget section */
		6003F589195388D20070C39A /* QuickTransition_Example */ = {
			isa = PBXNativeTarget;
			buildConfigurationList = 6003F5BF195388D20070C39A /* Build configuration list for PBXNativeTarget "QuickTransition_Example" */;
			buildPhases = (
				89D7C2DA9B0F8CC6CE805740 /* [CP] Check Pods Manifest.lock */,
				6003F586195388D20070C39A /* Sources */,
				6003F587195388D20070C39A /* Frameworks */,
				6003F588195388D20070C39A /* Resources */,
				FD7C3FB1F5D220F0C7F5F3A3 /* [CP] Embed Pods Frameworks */,
			);
			buildRules = (
			);
			dependencies = (
			);
			name = QuickTransition_Example;
			productName = QuickTransition;
			productReference = 6003F58A195388D20070C39A /* QuickTransition_Example.app */;
			productType = "com.apple.product-type.application";
		};
		6003F5AD195388D20070C39A /* QuickTransition_Tests */ = {
			isa = PBXNativeTarget;
			buildConfigurationList = 6003F5C2195388D20070C39A /* Build configuration list for PBXNativeTarget "QuickTransition_Tests" */;
			buildPhases = (
				C7544D956CF0D45E034E7F72 /* [CP] Check Pods Manifest.lock */,
				6003F5AA195388D20070C39A /* Sources */,
				6003F5AB195388D20070C39A /* Frameworks */,
				6003F5AC195388D20070C39A /* Resources */,
			);
			buildRules = (
			);
			dependencies = (
				6003F5B4195388D20070C39A /* PBXTargetDependency */,
			);
			name = QuickTransition_Tests;
			productName = QuickTransitionTests;
			productReference = 6003F5AE195388D20070C39A /* QuickTransition_Tests.xctest */;
			productType = "com.apple.product-type.bundle.unit-test";
		};
/* End PBXNativeTarget section */

/* Begin PBXProject section */
		6003F582195388D10070C39A /* Project object */ = {
			isa = PBXProject;
			attributes = {
				CLASSPREFIX = QK;
				LastUpgradeCheck = 0720;
				ORGANIZATIONNAME = gaoyu;
				TargetAttributes = {
					6003F589195388D20070C39A = {
						DevelopmentTeam = 85V85SA9UV;
					};
					6003F5AD195388D20070C39A = {
						TestTargetID = 6003F589195388D20070C39A;
					};
				};
			};
			buildConfigurationList = 6003F585195388D10070C39A /* Build configuration list for PBXProject "QuickTransition" */;
			compatibilityVersion = "Xcode 3.2";
			developmentRegion = English;
			hasScannedForEncodings = 0;
			knownRegions = (
				English,
				en,
				Base,
			);
			mainGroup = 6003F581195388D10070C39A;
			productRefGroup = 6003F58B195388D20070C39A /* Products */;
			projectDirPath = "";
			projectRoot = "";
			targets = (
				6003F589195388D20070C39A /* QuickTransition_Example */,
				6003F5AD195388D20070C39A /* QuickTransition_Tests */,
			);
		};
/* End PBXProject section */

/* Begin PBXResourcesBuildPhase section */
		6003F588195388D20070C39A /* Resources */ = {
			isa = PBXResourcesBuildPhase;
			buildActionMask = 2147483647;
			files = (
				873B8AEB1B1F5CCA007FD442 /* Main.storyboard in Resources */,
				71719F9F1E33DC2100824A3D /* LaunchScreen.storyboard in Resources */,
				6003F5A9195388D20070C39A /* Images.xcassets in Resources */,
				6003F598195388D20070C39A /* InfoPlist.strings in Resources */,
			);
			runOnlyForDeploymentPostprocessing = 0;
		};
		6003F5AC195388D20070C39A /* Resources */ = {
			isa = PBXResourcesBuildPhase;
			buildActionMask = 2147483647;
			files = (
				6003F5BA195388D20070C39A /* InfoPlist.strings in Resources */,
			);
			runOnlyForDeploymentPostprocessing = 0;
		};
/* End PBXResourcesBuildPhase section */

/* Begin PBXShellScriptBuildPhase section */
		89D7C2DA9B0F8CC6CE805740 /* [CP] Check Pods Manifest.lock */ = {
			isa = PBXShellScriptBuildPhase;
			buildActionMask = 2147483647;
			files = (
			);
			inputPaths = (
				"${PODS_PODFILE_DIR_PATH}/Podfile.lock",
				"${PODS_ROOT}/Manifest.lock",
			);
			name = "[CP] Check Pods Manifest.lock";
			outputPaths = (
				"$(DERIVED_FILE_DIR)/Pods-QuickTransition_Example-checkManifestLockResult.txt",
			);
			runOnlyForDeploymentPostprocessing = 0;
			shellPath = /bin/sh;
			shellScript = "diff \"${PODS_PODFILE_DIR_PATH}/Podfile.lock\" \"${PODS_ROOT}/Manifest.lock\" > /dev/null\nif [ $? != 0 ] ; then\n    # print error to STDERR\n    echo \"error: The sandbox is not in sync with the Podfile.lock. Run 'pod install' or update your CocoaPods installation.\" >&2\n    exit 1\nfi\n# This output is used by Xcode 'outputs' to avoid re-running this script phase.\necho \"SUCCESS\" > \"${SCRIPT_OUTPUT_FILE_0}\"\n";
			showEnvVarsInLog = 0;
		};
		C7544D956CF0D45E034E7F72 /* [CP] Check Pods Manifest.lock */ = {
			isa = PBXShellScriptBuildPhase;
			buildActionMask = 2147483647;
			files = (
			);
			inputPaths = (
				"${PODS_PODFILE_DIR_PATH}/Podfile.lock",
				"${PODS_ROOT}/Manifest.lock",
			);
			name = "[CP] Check Pods Manifest.lock";
			outputPaths = (
				"$(DERIVED_FILE_DIR)/Pods-QuickTransition_Tests-checkManifestLockResult.txt",
			);
			runOnlyForDeploymentPostprocessing = 0;
			shellPath = /bin/sh;
			shellScript = "diff \"${PODS_PODFILE_DIR_PATH}/Podfile.lock\" \"${PODS_ROOT}/Manifest.lock\" > /dev/null\nif [ $? != 0 ] ; then\n    # print error to STDERR\n    echo \"error: The sandbox is not in sync with the Podfile.lock. Run 'pod install' or update your CocoaPods installation.\" >&2\n    exit 1\nfi\n# This output is used by Xcode 'outputs' to avoid re-running this script phase.\necho \"SUCCESS\" > \"${SCRIPT_OUTPUT_FILE_0}\"\n";
			showEnvVarsInLog = 0;
		};
		FD7C3FB1F5D220F0C7F5F3A3 /* [CP] Embed Pods Frameworks */ = {
			isa = PBXShellScriptBuildPhase;
			buildActionMask = 2147483647;
			files = (
			);
			inputPaths = (
				"${PODS_ROOT}/Target Support Files/Pods-QuickTransition_Example/Pods-QuickTransition_Example-frameworks.sh",
				"${BUILT_PRODUCTS_DIR}/Masonry/Masonry.framework",
				"${BUILT_PRODUCTS_DIR}/QuickTransition/QuickTransition.framework",
			);
			name = "[CP] Embed Pods Frameworks";
			outputPaths = (
				"${TARGET_BUILD_DIR}/${FRAMEWORKS_FOLDER_PATH}/Masonry.framework",
				"${TARGET_BUILD_DIR}/${FRAMEWORKS_FOLDER_PATH}/QuickTransition.framework",
			);
			runOnlyForDeploymentPostprocessing = 0;
			shellPath = /bin/sh;
			shellScript = "\"${PODS_ROOT}/Target Support Files/Pods-QuickTransition_Example/Pods-QuickTransition_Example-frameworks.sh\"\n";
			showEnvVarsInLog = 0;
		};
/* End PBXShellScriptBuildPhase section */

/* Begin PBXSourcesBuildPhase section */
		6003F586195388D20070C39A /* Sources */ = {
			isa = PBXSourcesBuildPhase;
			buildActionMask = 2147483647;
			files = (
				730A9E7E23CEFD3400CF0F36 /* QKAutoLayoutAlertController.m in Sources */,
				181AD1F421353F4600A65F90 /* QKCardAnimator.m in Sources */,
				181AD1E12135259500A65F90 /* QKCardAnimationController.m in Sources */,
				181AD1FF21354FFC00A65F90 /* QKAlertAnimationController.m in Sources */,
				730A9E7B23CEEFCF00CF0F36 /* QKSideViewController.m in Sources */,
				181AD1F12135374700A65F90 /* QKCardAnimationNextController.m in Sources */,
				6003F59E195388D20070C39A /* QKAppDelegate.m in Sources */,
				739FF6FD23CC543B00A25E40 /* QKBaseTableController.m in Sources */,
				6003F5A7195388D20070C39A /* QKViewController.m in Sources */,
				181AD205213551CA00A65F90 /* QKAlertAnimationShowController.m in Sources */,
				6003F59A195388D20070C39A /* main.m in Sources */,
			);
			runOnlyForDeploymentPostprocessing = 0;
		};
		6003F5AA195388D20070C39A /* Sources */ = {
			isa = PBXSourcesBuildPhase;
			buildActionMask = 2147483647;
			files = (
				6003F5BC195388D20070C39A /* Tests.m in Sources */,
			);
			runOnlyForDeploymentPostprocessing = 0;
		};
/* End PBXSourcesBuildPhase section */

/* Begin PBXTargetDependency section */
		6003F5B4195388D20070C39A /* PBXTargetDependency */ = {
			isa = PBXTargetDependency;
			target = 6003F589195388D20070C39A /* QuickTransition_Example */;
			targetProxy = 6003F5B3195388D20070C39A /* PBXContainerItemProxy */;
		};
/* End PBXTargetDependency section */

/* Begin PBXVariantGroup section */
		6003F596195388D20070C39A /* InfoPlist.strings */ = {
			isa = PBXVariantGroup;
			children = (
				6003F597195388D20070C39A /* en */,
			);
			name = InfoPlist.strings;
			sourceTree = "<group>";
		};
		6003F5B8195388D20070C39A /* InfoPlist.strings */ = {
			isa = PBXVariantGroup;
			children = (
				6003F5B9195388D20070C39A /* en */,
			);
			name = InfoPlist.strings;
			sourceTree = "<group>";
		};
		71719F9D1E33DC2100824A3D /* LaunchScreen.storyboard */ = {
			isa = PBXVariantGroup;
			children = (
				71719F9E1E33DC2100824A3D /* Base */,
			);
			name = LaunchScreen.storyboard;
			sourceTree = "<group>";
		};
/* End PBXVariantGroup section */

/* Begin XCBuildConfiguration section */
		6003F5BD195388D20070C39A /* Debug */ = {
			isa = XCBuildConfiguration;
			buildSettings = {
				ALWAYS_SEARCH_USER_PATHS = NO;
				CLANG_CXX_LANGUAGE_STANDARD = "gnu++0x";
				CLANG_CXX_LIBRARY = "libc++";
				CLANG_ENABLE_MODULES = YES;
				CLANG_ENABLE_OBJC_ARC = YES;
				CLANG_WARN_BOOL_CONVERSION = YES;
				CLANG_WARN_CONSTANT_CONVERSION = YES;
				CLANG_WARN_DIRECT_OBJC_ISA_USAGE = YES_ERROR;
				CLANG_WARN_EMPTY_BODY = YES;
				CLANG_WARN_ENUM_CONVERSION = YES;
				CLANG_WARN_INT_CONVERSION = YES;
				CLANG_WARN_OBJC_ROOT_CLASS = YES_ERROR;
				CLANG_WARN__DUPLICATE_METHOD_MATCH = YES;
				"CODE_SIGN_IDENTITY[sdk=iphoneos*]" = "iPhone Developer";
				COPY_PHASE_STRIP = NO;
				ENABLE_TESTABILITY = YES;
				GCC_C_LANGUAGE_STANDARD = gnu99;
				GCC_DYNAMIC_NO_PIC = NO;
				GCC_OPTIMIZATION_LEVEL = 0;
				GCC_PREPROCESSOR_DEFINITIONS = (
					"DEBUG=1",
					"$(inherited)",
				);
				GCC_SYMBOLS_PRIVATE_EXTERN = NO;
				GCC_WARN_64_TO_32_BIT_CONVERSION = YES;
				GCC_WARN_ABOUT_RETURN_TYPE = YES_ERROR;
				GCC_WARN_UNDECLARED_SELECTOR = YES;
				GCC_WARN_UNINITIALIZED_AUTOS = YES_AGGRESSIVE;
				GCC_WARN_UNUSED_FUNCTION = YES;
				GCC_WARN_UNUSED_VARIABLE = YES;
				IPHONEOS_DEPLOYMENT_TARGET = 9.3;
				ONLY_ACTIVE_ARCH = YES;
				SDKROOT = iphoneos;
				TARGETED_DEVICE_FAMILY = "1,2";
			};
			name = Debug;
		};
		6003F5BE195388D20070C39A /* Release */ = {
			isa = XCBuildConfiguration;
			buildSettings = {
				ALWAYS_SEARCH_USER_PATHS = NO;
				CLANG_CXX_LANGUAGE_STANDARD = "gnu++0x";
				CLANG_CXX_LIBRARY = "libc++";
				CLANG_ENABLE_MODULES = YES;
				CLANG_ENABLE_OBJC_ARC = YES;
				CLANG_WARN_BOOL_CONVERSION = YES;
				CLANG_WARN_CONSTANT_CONVERSION = YES;
				CLANG_WARN_DIRECT_OBJC_ISA_USAGE = YES_ERROR;
				CLANG_WARN_EMPTY_BODY = YES;
				CLANG_WARN_ENUM_CONVERSION = YES;
				CLANG_WARN_INT_CONVERSION = YES;
				CLANG_WARN_OBJC_ROOT_CLASS = YES_ERROR;
				CLANG_WARN__DUPLICATE_METHOD_MATCH = YES;
				"CODE_SIGN_IDENTITY[sdk=iphoneos*]" = "iPhone Developer";
				COPY_PHASE_STRIP = YES;
				ENABLE_NS_ASSERTIONS = NO;
				GCC_C_LANGUAGE_STANDARD = gnu99;
				GCC_WARN_64_TO_32_BIT_CONVERSION = YES;
				GCC_WARN_ABOUT_RETURN_TYPE = YES_ERROR;
				GCC_WARN_UNDECLARED_SELECTOR = YES;
				GCC_WARN_UNINITIALIZED_AUTOS = YES_AGGRESSIVE;
				GCC_WARN_UNUSED_FUNCTION = YES;
				GCC_WARN_UNUSED_VARIABLE = YES;
				IPHONEOS_DEPLOYMENT_TARGET = 9.3;
				SDKROOT = iphoneos;
				TARGETED_DEVICE_FAMILY = "1,2";
				VALIDATE_PRODUCT = YES;
			};
			name = Release;
		};
		6003F5C0195388D20070C39A /* Debug */ = {
			isa = XCBuildConfiguration;
			baseConfigurationReference = CFB489652DA075C9082A2104 /* Pods-QuickTransition_Example.debug.xcconfig */;
			buildSettings = {
				ASSETCATALOG_COMPILER_APPICON_NAME = AppIcon;
				DEVELOPMENT_TEAM = 85V85SA9UV;
				GCC_PRECOMPILE_PREFIX_HEADER = YES;
				GCC_PREFIX_HEADER = "QuickTransition/QuickTransition-Prefix.pch";
				INFOPLIST_FILE = "QuickTransition/QuickTransition-Info.plist";
				MODULE_NAME = ExampleApp;
				PRODUCT_BUNDLE_IDENTIFIER = "org.cocoapods.demo.${PRODUCT_NAME:rfc1034identifier}";
				PRODUCT_NAME = "$(TARGET_NAME)";
				WRAPPER_EXTENSION = app;
			};
			name = Debug;
		};
		6003F5C1195388D20070C39A /* Release */ = {
			isa = XCBuildConfiguration;
			baseConfigurationReference = 88D05804ECA22DD7BB4D114D /* Pods-QuickTransition_Example.release.xcconfig */;
			buildSettings = {
				ASSETCATALOG_COMPILER_APPICON_NAME = AppIcon;
				DEVELOPMENT_TEAM = 4XGNFW3D8N;
				GCC_PRECOMPILE_PREFIX_HEADER = YES;
				GCC_PREFIX_HEADER = "QuickTransition/QuickTransition-Prefix.pch";
				INFOPLIST_FILE = "QuickTransition/QuickTransition-Info.plist";
				MODULE_NAME = ExampleApp;
				PRODUCT_BUNDLE_IDENTIFIER = "org.cocoapods.demo.${PRODUCT_NAME:rfc1034identifier}";
				PRODUCT_NAME = "$(TARGET_NAME)";
				WRAPPER_EXTENSION = app;
			};
			name = Release;
		};
		6003F5C3195388D20070C39A /* Debug */ = {
			isa = XCBuildConfiguration;
			baseConfigurationReference = 360186E00AFBBD88B67C3DC1 /* Pods-QuickTransition_Tests.debug.xcconfig */;
			buildSettings = {
				BUNDLE_LOADER = "$(TEST_HOST)";
				FRAMEWORK_SEARCH_PATHS = (
					"$(SDKROOT)/Developer/Library/Frameworks",
					"$(inherited)",
					"$(DEVELOPER_FRAMEWORKS_DIR)",
				);
				GCC_PRECOMPILE_PREFIX_HEADER = YES;
				GCC_PREFIX_HEADER = "Tests/Tests-Prefix.pch";
				GCC_PREPROCESSOR_DEFINITIONS = (
					"DEBUG=1",
					"$(inherited)",
				);
				INFOPLIST_FILE = "Tests/Tests-Info.plist";
				PRODUCT_BUNDLE_IDENTIFIER = "org.cocoapods.demo.${PRODUCT_NAME:rfc1034identifier}";
				PRODUCT_NAME = "$(TARGET_NAME)";
				TEST_HOST = "$(BUILT_PRODUCTS_DIR)/QuickTransition_Example.app/QuickTransition_Example";
				WRAPPER_EXTENSION = xctest;
			};
			name = Debug;
		};
		6003F5C4195388D20070C39A /* Release */ = {
			isa = XCBuildConfiguration;
			baseConfigurationReference = 9291070909AEB17F52BD971D /* Pods-QuickTransition_Tests.release.xcconfig */;
			buildSettings = {
				BUNDLE_LOADER = "$(TEST_HOST)";
				FRAMEWORK_SEARCH_PATHS = (
					"$(SDKROOT)/Developer/Library/Frameworks",
					"$(inherited)",
					"$(DEVELOPER_FRAMEWORKS_DIR)",
				);
				GCC_PRECOMPILE_PREFIX_HEADER = YES;
				GCC_PREFIX_HEADER = "Tests/Tests-Prefix.pch";
				INFOPLIST_FILE = "Tests/Tests-Info.plist";
				PRODUCT_BUNDLE_IDENTIFIER = "org.cocoapods.demo.${PRODUCT_NAME:rfc1034identifier}";
				PRODUCT_NAME = "$(TARGET_NAME)";
				TEST_HOST = "$(BUILT_PRODUCTS_DIR)/QuickTransition_Example.app/QuickTransition_Example";
				WRAPPER_EXTENSION = xctest;
			};
			name = Release;
		};
/* End XCBuildConfiguration section */

/* Begin XCConfigurationList section */
		6003F585195388D10070C39A /* Build configuration list for PBXProject "QuickTransition" */ = {
			isa = XCConfigurationList;
			buildConfigurations = (
				6003F5BD195388D20070C39A /* Debug */,
				6003F5BE195388D20070C39A /* Release */,
			);
			defaultConfigurationIsVisible = 0;
			defaultConfigurationName = Release;
		};
		6003F5BF195388D20070C39A /* Build configuration list for PBXNativeTarget "QuickTransition_Example" */ = {
			isa = XCConfigurationList;
			buildConfigurations = (
				6003F5C0195388D20070C39A /* Debug */,
				6003F5C1195388D20070C39A /* Release */,
			);
			defaultConfigurationIsVisible = 0;
			defaultConfigurationName = Release;
		};
		6003F5C2195388D20070C39A /* Build configuration list for PBXNativeTarget "QuickTransition_Tests" */ = {
			isa = XCConfigurationList;
			buildConfigurations = (
				6003F5C3195388D20070C39A /* Debug */,
				6003F5C4195388D20070C39A /* Release */,
			);
			defaultConfigurationIsVisible = 0;
			defaultConfigurationName = Release;
		};
/* End XCConfigurationList section */
	};
	rootObject = 6003F582195388D10070C39A /* Project object */;
}
